
Microsoft Visual Studio Solution File, Format Version 12.00
# Visual Studio Version 16
VisualStudioVersion = 16.0.30114.105
MinimumVisualStudioVersion = 10.0.40219.1
Project("{2150E333-8FDC-42A3-9474-1A3956D46DE8}") = "test", "test", "{1DD62C82-47E3-4D57-A20E-EE92D6358A55}"
EndProject
Project("{FAE04EC0-301F-11D3-BF4B-00C04F79EFBC}") = "VanLaw.AdventOfCode.Test.Unit", "test\VanLaw.AdventOfCode.Test.Unit\VanLaw.AdventOfCode.Test.Unit.csproj", "{FB3DAE8C-D199-4D15-B5BB-C9D29E0F7612}"
EndProject
Project("{FAE04EC0-301F-11D3-BF4B-00C04F79EFBC}") = "VanLaw.AdventOfCode.CLI", "VanLaw.AdventOfCode.CLI\VanLaw.AdventOfCode.CLI.csproj", "{EF15AFD0-F4AA-45B5-82D7-2F4DF61AF6E4}"
EndProject
Global
	GlobalSection(SolutionConfigurationPlatforms) = preSolution
		Debug|Any CPU = Debug|Any CPU
		Release|Any CPU = Release|Any CPU
	EndGlobalSection
	GlobalSection(SolutionProperties) = preSolution
		HideSolutionNode = FALSE
	EndGlobalSection
	GlobalSection(ProjectConfigurationPlatforms) = postSolution
		{FB3DAE8C-D199-4D15-B5BB-C9D29E0F7612}.Debug|Any CPU.ActiveCfg = Debug|Any CPU
		{FB3DAE8C-D199-4D15-B5BB-C9D29E0F7612}.Debug|Any CPU.Build.0 = Debug|Any CPU
		{FB3DAE8C-D199-4D15-B5BB-C9D29E0F7612}.Release|Any CPU.ActiveCfg = Release|Any CPU
		{FB3DAE8C-D199-4D15-B5BB-C9D29E0F7612}.Release|Any CPU.Build.0 = Release|Any CPU
		{EF15AFD0-F4AA-45B5-82D7-2F4DF61AF6E4}.Debug|Any CPU.ActiveCfg = Debug|Any CPU
		{EF15AFD0-F4AA-45B5-82D7-2F4DF61AF6E4}.Debug|Any CPU.Build.0 = Debug|Any CPU
		{EF15AFD0-F4AA-45B5-82D7-2F4DF61AF6E4}.Release|Any CPU.ActiveCfg = Release|Any CPU
		{EF15AFD0-F4AA-45B5-82D7-2F4DF61AF6E4}.Release|Any CPU.Build.0 = Release|Any CPU
	EndGlobalSection
	GlobalSection(NestedProjects) = preSolution
		{FB3DAE8C-D199-4D15-B5BB-C9D29E0F7612} = {1DD62C82-47E3-4D57-A20E-EE92D6358A55}
	EndGlobalSection
EndGlobal
